// !$*UTF8*$!
{
	archiveVersion = 1;
	classes = {
	};
	objectVersion = 46;
	objects = {

/* Begin PBXBuildFile section */
		6835EC161789439600A57F86 /* MenuController.m in Sources */ = {isa = PBXBuildFile; fileRef = 6835EC151789439600A57F86 /* MenuController.m */; };
		684BB605179F5143004C44C9 /* OverViewViewController.m in Sources */ = {isa = PBXBuildFile; fileRef = 684BB604179F5143004C44C9 /* OverViewViewController.m */; };
		684BB609179F539C004C44C9 /* SlidingTextView.m in Sources */ = {isa = PBXBuildFile; fileRef = 684BB608179F539C004C44C9 /* SlidingTextView.m */; };
		684E364A178F849F004E27B9 /* menuBack2@2x.png in Resources */ = {isa = PBXBuildFile; fileRef = 684E3649178F849F004E27B9 /* menuBack2@2x.png */; };
		6851221317861138008DB6B6 /* UIKit.framework in Frameworks */ = {isa = PBXBuildFile; fileRef = 6851221217861138008DB6B6 /* UIKit.framework */; };
		6851221517861138008DB6B6 /* Foundation.framework in Frameworks */ = {isa = PBXBuildFile; fileRef = 6851221417861138008DB6B6 /* Foundation.framework */; };
		6851221717861138008DB6B6 /* CoreGraphics.framework in Frameworks */ = {isa = PBXBuildFile; fileRef = 6851221617861138008DB6B6 /* CoreGraphics.framework */; };
		6851221917861138008DB6B6 /* CoreData.framework in Frameworks */ = {isa = PBXBuildFile; fileRef = 6851221817861138008DB6B6 /* CoreData.framework */; };
		6851221F17861138008DB6B6 /* InfoPlist.strings in Resources */ = {isa = PBXBuildFile; fileRef = 6851221D17861138008DB6B6 /* InfoPlist.strings */; };
		6851222117861138008DB6B6 /* main.m in Sources */ = {isa = PBXBuildFile; fileRef = 6851222017861138008DB6B6 /* main.m */; };
		6851222517861138008DB6B6 /* AppDelegate.m in Sources */ = {isa = PBXBuildFile; fileRef = 6851222417861138008DB6B6 /* AppDelegate.m */; };
		6851222717861138008DB6B6 /* Default.png in Resources */ = {isa = PBXBuildFile; fileRef = 6851222617861138008DB6B6 /* Default.png */; };
		6851222917861138008DB6B6 /* Default@2x.png in Resources */ = {isa = PBXBuildFile; fileRef = 6851222817861138008DB6B6 /* Default@2x.png */; };
		6851222B17861138008DB6B6 /* Default-568h@2x.png in Resources */ = {isa = PBXBuildFile; fileRef = 6851222A17861138008DB6B6 /* Default-568h@2x.png */; };
		6851222E17861138008DB6B6 /* MainStoryboard.storyboard in Resources */ = {isa = PBXBuildFile; fileRef = 6851222C17861138008DB6B6 /* MainStoryboard.storyboard */; };
		6851223117861138008DB6B6 /* intrepidApp.xcdatamodeld in Sources */ = {isa = PBXBuildFile; fileRef = 6851222F17861138008DB6B6 /* intrepidApp.xcdatamodeld */; };
		6851223F17861152008DB6B6 /* HealthViewController.m in Sources */ = {isa = PBXBuildFile; fileRef = 6851223E17861152008DB6B6 /* HealthViewController.m */; };
		68558361179CB4C90043D473 /* SliderTabViewController.m in Sources */ = {isa = PBXBuildFile; fileRef = 68558360179CB4C90043D473 /* SliderTabViewController.m */; };
		6855EAB0178E4D5E000C4C57 /* mexicoBack@2x.png in Resources */ = {isa = PBXBuildFile; fileRef = 6855EAAF178E4D5E000C4C57 /* mexicoBack@2x.png */; };
		685B6F5C17A601DC0003B5D9 /* newMenuBack@2x.png in Resources */ = {isa = PBXBuildFile; fileRef = 685B6F5B17A601DC0003B5D9 /* newMenuBack@2x.png */; };
		685B6F5F17A60B430003B5D9 /* TripCell.m in Sources */ = {isa = PBXBuildFile; fileRef = 685B6F5E17A60B430003B5D9 /* TripCell.m */; };
		685B6F6217A617C20003B5D9 /* TripItem.m in Sources */ = {isa = PBXBuildFile; fileRef = 685B6F6117A617C20003B5D9 /* TripItem.m */; };
		685EB840178E4C29008B7D9B /* samplePic@2x.png in Resources */ = {isa = PBXBuildFile; fileRef = 685EB83F178E4C29008B7D9B /* samplePic@2x.png */; };
		688F9E631786262800CF850C /* QuartzCore.framework in Frameworks */ = {isa = PBXBuildFile; fileRef = 688F9E621786262800CF850C /* QuartzCore.framework */; };
		688F9E661786295100CF850C /* HealthCell.m in Sources */ = {isa = PBXBuildFile; fileRef = 688F9E651786295100CF850C /* HealthCell.m */; };
		68A2D71A178BDBE800B3C330 /* searchBar@2x.png in Resources */ = {isa = PBXBuildFile; fileRef = 68A2D719178BDBE800B3C330 /* searchBar@2x.png */; };
		68B071E917A4D3FC0061E418 /* SecurityViewController.m in Sources */ = {isa = PBXBuildFile; fileRef = 68B071E817A4D3FC0061E418 /* SecurityViewController.m */; };
		68B071EC17A4D7290061E418 /* EmbassyCell.m in Sources */ = {isa = PBXBuildFile; fileRef = 68B071EB17A4D7290061E418 /* EmbassyCell.m */; };
		68B071EF17A4D7430061E418 /* EmbassyItem.m in Sources */ = {isa = PBXBuildFile; fileRef = 68B071EE17A4D7430061E418 /* EmbassyItem.m */; };
		68B071F317A4DB890061E418 /* TripsViewController.m in Sources */ = {isa = PBXBuildFile; fileRef = 68B071F217A4DB890061E418 /* TripsViewController.m */; };
		68B997E517A2058A00AD62ED /* WebViewController.m in Sources */ = {isa = PBXBuildFile; fileRef = 68B997E417A2058A00AD62ED /* WebViewController.m */; };
		68BE3ACA17A1DCA600A87E52 /* HealthContent.m in Sources */ = {isa = PBXBuildFile; fileRef = 68BE3AC917A1DCA600A87E52 /* HealthContent.m */; };
		68DBAE60179F6CC300D1DE0B /* CurrencyCell.m in Sources */ = {isa = PBXBuildFile; fileRef = 68DBAE5F179F6CC300D1DE0B /* CurrencyCell.m */; };
		68E4240417926E1E00431908 /* IntreSearchBar.m in Sources */ = {isa = PBXBuildFile; fileRef = 68E4240317926E1E00431908 /* IntreSearchBar.m */; };
		68E42406179274BA00431908 /* mexicoBackBigger@2x.png in Resources */ = {isa = PBXBuildFile; fileRef = 68E42405179274BA00431908 /* mexicoBackBigger@2x.png */; };
		68E42408179277C100431908 /* spyGlass@2x.png in Resources */ = {isa = PBXBuildFile; fileRef = 68E42407179277C100431908 /* spyGlass@2x.png */; };
		68E4240B1793190600431908 /* Common@2x.png in Resources */ = {isa = PBXBuildFile; fileRef = 68E424091793190600431908 /* Common@2x.png */; };
		68E4240C1793190600431908 /* Uncommon@2x.png in Resources */ = {isa = PBXBuildFile; fileRef = 68E4240A1793190600431908 /* Uncommon@2x.png */; };
		68EDE3A5178A071600085A84 /* menuBack@2x.png in Resources */ = {isa = PBXBuildFile; fileRef = 68EDE3A4178A071600085A84 /* menuBack@2x.png */; };
		7E1C92CB17A1F56B00878249 /* underline@2x.png in Resources */ = {isa = PBXBuildFile; fileRef = 7E1C92CA17A1F56B00878249 /* underline@2x.png */; };
		7E347778178F8B3A00FB86DC /* cancel-search@2x.png in Resources */ = {isa = PBXBuildFile; fileRef = 7E347777178F8B3A00FB86DC /* cancel-search@2x.png */; };
		7E34777C1791E79300FB86DC /* LoginViewController.m in Sources */ = {isa = PBXBuildFile; fileRef = 7E34777B1791E79300FB86DC /* LoginViewController.m */; };
		7E34777F1791E7A700FB86DC /* SignUpViewController.m in Sources */ = {isa = PBXBuildFile; fileRef = 7E34777E1791E7A700FB86DC /* SignUpViewController.m */; };
		7E44F8D21788FA4B00AAA32B /* HealthItem.m in Sources */ = {isa = PBXBuildFile; fileRef = 7E44F8D11788FA4B00AAA32B /* HealthItem.m */; };
		7E5B30B81798813900692F80 /* login-background@2x.png in Resources */ = {isa = PBXBuildFile; fileRef = 7E5B30B71798813900692F80 /* login-background@2x.png */; };
		7E5B30BA1798814800692F80 /* signUp-background@2x.png in Resources */ = {isa = PBXBuildFile; fileRef = 7E5B30B91798814800692F80 /* signUp-background@2x.png */; };
		7E5B30BD1798942500692F80 /* add-signup-photo@2x.png in Resources */ = {isa = PBXBuildFile; fileRef = 7E5B30BB1798942500692F80 /* add-signup-photo@2x.png */; };
		7E82E9B91794F01000027268 /* proximanova-regular.ttf in Resources */ = {isa = PBXBuildFile; fileRef = 7E82E9B81794EFB500027268 /* proximanova-regular.ttf */; };
		7E82E9BB1794F0D400027268 /* proximanova-bold.ttf in Resources */ = {isa = PBXBuildFile; fileRef = 7E82E9BA1794F0B900027268 /* proximanova-bold.ttf */; };
		7ECD0427178BD7C500D6C34B /* HealthViewDetailController.m in Sources */ = {isa = PBXBuildFile; fileRef = 7ECD0426178BD7C500D6C34B /* HealthViewDetailController.m */; };
		7ECD0429178C815100D6C34B /* descriptionAndSideEffectLogo@2x.png in Resources */ = {isa = PBXBuildFile; fileRef = 7ECD0428178C815100D6C34B /* descriptionAndSideEffectLogo@2x.png */; };
		7ECD042B178DAF2000D6C34B /* back-button@2x.png in Resources */ = {isa = PBXBuildFile; fileRef = 7ECD042A178DAF2000D6C34B /* back-button@2x.png */; };
		7ECD042D178DC07600D6C34B /* top-nav-bar@2x.png in Resources */ = {isa = PBXBuildFile; fileRef = 7ECD042C178DC07600D6C34B /* top-nav-bar@2x.png */; };
		7ECD043A178DE24F00D6C34B /* medication-pic@2x.png in Resources */ = {isa = PBXBuildFile; fileRef = 7ECD0436178DE24F00D6C34B /* medication-pic@2x.png */; };
		7ECD043B178DE24F00D6C34B /* stethoscope-pic@2x.png in Resources */ = {isa = PBXBuildFile; fileRef = 7ECD0437178DE24F00D6C34B /* stethoscope-pic@2x.png */; };
		7ECD043C178DE24F00D6C34B /* heart-rate-pic@2x.png in Resources */ = {isa = PBXBuildFile; fileRef = 7ECD0438178DE24F00D6C34B /* heart-rate-pic@2x.png */; };
		7ECD043D178DE24F00D6C34B /* conditions-pic@2x.png in Resources */ = {isa = PBXBuildFile; fileRef = 7ECD0439178DE24F00D6C34B /* conditions-pic@2x.png */; };
		7ED645C11795A2FB000475A1 /* proximanova-semibold.ttf in Resources */ = {isa = PBXBuildFile; fileRef = 7ED645C01795A2E9000475A1 /* proximanova-semibold.ttf */; };
		7ED645C51795AB83000475A1 /* proximanova-light.ttf in Resources */ = {isa = PBXBuildFile; fileRef = 7ED645C41795AB80000475A1 /* proximanova-light.ttf */; };
		7EE44DAB179F6F75006BA2EC /* rounded-rectangle-@2x.png in Resources */ = {isa = PBXBuildFile; fileRef = 7EE44DAA179F6F75006BA2EC /* rounded-rectangle-@2x.png */; };
		7EE44DB0179F79BA006BA2EC /* overview-culture@2x.png in Resources */ = {isa = PBXBuildFile; fileRef = 7EE44DAD179F79BA006BA2EC /* overview-culture@2x.png */; };
		7EE44DB1179F79BA006BA2EC /* overview-currency@2x.png in Resources */ = {isa = PBXBuildFile; fileRef = 7EE44DAE179F79BA006BA2EC /* overview-currency@2x.png */; };
		7EE44DB2179F79BA006BA2EC /* overview-history@2x.png in Resources */ = {isa = PBXBuildFile; fileRef = 7EE44DAF179F79BA006BA2EC /* overview-history@2x.png */; };
		7EE44DB5179F7B24006BA2EC /* culture-icon@2x.png in Resources */ = {isa = PBXBuildFile; fileRef = 7EE44DB3179F7B24006BA2EC /* culture-icon@2x.png */; };
		7EE44DB6179F7B24006BA2EC /* currency-label@2x.png in Resources */ = {isa = PBXBuildFile; fileRef = 7EE44DB4179F7B24006BA2EC /* currency-label@2x.png */; };
		7EE44DB9179F7E30006BA2EC /* CurrencyItem.m in Sources */ = {isa = PBXBuildFile; fileRef = 7EE44DB8179F7E30006BA2EC /* CurrencyItem.m */; };
		7EE44DBE179F7FF5006BA2EC /* american-flag@2x.png in Resources */ = {isa = PBXBuildFile; fileRef = 7EE44DBA179F7FF5006BA2EC /* american-flag@2x.png */; };
		7EE44DBF179F7FF5006BA2EC /* brasil-flag@2x.png in Resources */ = {isa = PBXBuildFile; fileRef = 7EE44DBB179F7FF5006BA2EC /* brasil-flag@2x.png */; };
		7EE44DC0179F7FF5006BA2EC /* canadian-flag@2x.png in Resources */ = {isa = PBXBuildFile; fileRef = 7EE44DBC179F7FF5006BA2EC /* canadian-flag@2x.png */; };
		7EE44DC1179F7FF5006BA2EC /* great-britain-flag@2x.png in Resources */ = {isa = PBXBuildFile; fileRef = 7EE44DBD179F7FF5006BA2EC /* great-britain-flag@2x.png */; };
		E04C4DB817A30FE2002A23F4 /* libTestFlight.a in Frameworks */ = {isa = PBXBuildFile; fileRef = E04C4DB417A30FE1002A23F4 /* libTestFlight.a */; };
		E04C4DB917A30FE2002A23F4 /* README.md in Resources */ = {isa = PBXBuildFile; fileRef = E04C4DB517A30FE1002A23F4 /* README.md */; };
		E04C4DBA17A30FE2002A23F4 /* release_notes.md in Resources */ = {isa = PBXBuildFile; fileRef = E04C4DB617A30FE2002A23F4 /* release_notes.md */; };
		E04C4DBC17A3103E002A23F4 /* libz.dylib in Frameworks */ = {isa = PBXBuildFile; fileRef = E04C4DBB17A3103E002A23F4 /* libz.dylib */; };
		E0B5825117A31D2C00093130 /* intrepid icon.png in Resources */ = {isa = PBXBuildFile; fileRef = E0B5825017A31D2C00093130 /* intrepid icon.png */; };
		E0B5825317A31D8100093130 /* app icon nonretina.png in Resources */ = {isa = PBXBuildFile; fileRef = E0B5825217A31D8100093130 /* app icon nonretina.png */; };
/* End PBXBuildFile section */

/* Begin PBXFileReference section */
		6835EC141789439600A57F86 /* MenuController.h */ = {isa = PBXFileReference; fileEncoding = 4; lastKnownFileType = sourcecode.c.h; name = MenuController.h; path = classes/MenuController.h; sourceTree = "<group>"; };
		6835EC151789439600A57F86 /* MenuController.m */ = {isa = PBXFileReference; fileEncoding = 4; lastKnownFileType = sourcecode.c.objc; name = MenuController.m; path = classes/MenuController.m; sourceTree = "<group>"; };
		684BB603179F5143004C44C9 /* OverViewViewController.h */ = {isa = PBXFileReference; fileEncoding = 4; lastKnownFileType = sourcecode.c.h; name = OverViewViewController.h; path = classes/OverViewViewController.h; sourceTree = "<group>"; };
		684BB604179F5143004C44C9 /* OverViewViewController.m */ = {isa = PBXFileReference; fileEncoding = 4; lastKnownFileType = sourcecode.c.objc; name = OverViewViewController.m; path = classes/OverViewViewController.m; sourceTree = "<group>"; };
		684BB607179F539C004C44C9 /* SlidingTextView.h */ = {isa = PBXFileReference; fileEncoding = 4; lastKnownFileType = sourcecode.c.h; name = SlidingTextView.h; path = classes/SlidingTextView.h; sourceTree = "<group>"; };
		684BB608179F539C004C44C9 /* SlidingTextView.m */ = {isa = PBXFileReference; fileEncoding = 4; lastKnownFileType = sourcecode.c.objc; name = SlidingTextView.m; path = classes/SlidingTextView.m; sourceTree = "<group>"; };
		684E3649178F849F004E27B9 /* menuBack2@2x.png */ = {isa = PBXFileReference; lastKnownFileType = image.png; name = "menuBack2@2x.png"; path = "images/menuBack2@2x.png"; sourceTree = "<group>"; };
		6851220F17861138008DB6B6 /* intrepidApp.app */ = {isa = PBXFileReference; explicitFileType = wrapper.application; includeInIndex = 0; path = intrepidApp.app; sourceTree = BUILT_PRODUCTS_DIR; };
		6851221217861138008DB6B6 /* UIKit.framework */ = {isa = PBXFileReference; lastKnownFileType = wrapper.framework; name = UIKit.framework; path = System/Library/Frameworks/UIKit.framework; sourceTree = SDKROOT; };
		6851221417861138008DB6B6 /* Foundation.framework */ = {isa = PBXFileReference; lastKnownFileType = wrapper.framework; name = Foundation.framework; path = System/Library/Frameworks/Foundation.framework; sourceTree = SDKROOT; };
		6851221617861138008DB6B6 /* CoreGraphics.framework */ = {isa = PBXFileReference; lastKnownFileType = wrapper.framework; name = CoreGraphics.framework; path = System/Library/Frameworks/CoreGraphics.framework; sourceTree = SDKROOT; };
		6851221817861138008DB6B6 /* CoreData.framework */ = {isa = PBXFileReference; lastKnownFileType = wrapper.framework; name = CoreData.framework; path = System/Library/Frameworks/CoreData.framework; sourceTree = SDKROOT; };
		6851221C17861138008DB6B6 /* intrepidApp-Info.plist */ = {isa = PBXFileReference; lastKnownFileType = text.plist.xml; path = "intrepidApp-Info.plist"; sourceTree = "<group>"; };
		6851221E17861138008DB6B6 /* en */ = {isa = PBXFileReference; lastKnownFileType = text.plist.strings; name = en; path = en.lproj/InfoPlist.strings; sourceTree = "<group>"; };
		6851222017861138008DB6B6 /* main.m */ = {isa = PBXFileReference; lastKnownFileType = sourcecode.c.objc; path = main.m; sourceTree = "<group>"; };
		6851222217861138008DB6B6 /* intrepidApp-Prefix.pch */ = {isa = PBXFileReference; lastKnownFileType = sourcecode.c.h; path = "intrepidApp-Prefix.pch"; sourceTree = "<group>"; };
		6851222317861138008DB6B6 /* AppDelegate.h */ = {isa = PBXFileReference; lastKnownFileType = sourcecode.c.h; path = AppDelegate.h; sourceTree = "<group>"; };
		6851222417861138008DB6B6 /* AppDelegate.m */ = {isa = PBXFileReference; lastKnownFileType = sourcecode.c.objc; path = AppDelegate.m; sourceTree = "<group>"; };
		6851222617861138008DB6B6 /* Default.png */ = {isa = PBXFileReference; lastKnownFileType = image.png; path = Default.png; sourceTree = "<group>"; };
		6851222817861138008DB6B6 /* Default@2x.png */ = {isa = PBXFileReference; lastKnownFileType = image.png; path = "Default@2x.png"; sourceTree = "<group>"; };
		6851222A17861138008DB6B6 /* Default-568h@2x.png */ = {isa = PBXFileReference; lastKnownFileType = image.png; path = "Default-568h@2x.png"; sourceTree = "<group>"; };
		6851222D17861138008DB6B6 /* en */ = {isa = PBXFileReference; lastKnownFileType = file.storyboard; name = en; path = en.lproj/MainStoryboard.storyboard; sourceTree = "<group>"; };
		6851223017861138008DB6B6 /* intrepidApp.xcdatamodel */ = {isa = PBXFileReference; lastKnownFileType = wrapper.xcdatamodel; path = intrepidApp.xcdatamodel; sourceTree = "<group>"; };
		6851223D17861152008DB6B6 /* HealthViewController.h */ = {isa = PBXFileReference; fileEncoding = 4; lastKnownFileType = sourcecode.c.h; name = HealthViewController.h; path = classes/HealthViewController.h; sourceTree = "<group>"; };
		6851223E17861152008DB6B6 /* HealthViewController.m */ = {isa = PBXFileReference; fileEncoding = 4; lastKnownFileType = sourcecode.c.objc; name = HealthViewController.m; path = classes/HealthViewController.m; sourceTree = "<group>"; };
		6855835F179CB4C90043D473 /* SliderTabViewController.h */ = {isa = PBXFileReference; fileEncoding = 4; lastKnownFileType = sourcecode.c.h; name = SliderTabViewController.h; path = classes/SliderTabViewController.h; sourceTree = "<group>"; };
		68558360179CB4C90043D473 /* SliderTabViewController.m */ = {isa = PBXFileReference; fileEncoding = 4; lastKnownFileType = sourcecode.c.objc; name = SliderTabViewController.m; path = classes/SliderTabViewController.m; sourceTree = "<group>"; };
		6855EAAF178E4D5E000C4C57 /* mexicoBack@2x.png */ = {isa = PBXFileReference; lastKnownFileType = image.png; path = "mexicoBack@2x.png"; sourceTree = "<group>"; };
		685B6F5B17A601DC0003B5D9 /* newMenuBack@2x.png */ = {isa = PBXFileReference; lastKnownFileType = image.png; path = "newMenuBack@2x.png"; sourceTree = "<group>"; };
		685B6F5D17A60B430003B5D9 /* TripCell.h */ = {isa = PBXFileReference; fileEncoding = 4; lastKnownFileType = sourcecode.c.h; name = TripCell.h; path = classes/TripCell.h; sourceTree = "<group>"; };
		685B6F5E17A60B430003B5D9 /* TripCell.m */ = {isa = PBXFileReference; fileEncoding = 4; lastKnownFileType = sourcecode.c.objc; name = TripCell.m; path = classes/TripCell.m; sourceTree = "<group>"; };
		685B6F6017A617C20003B5D9 /* TripItem.h */ = {isa = PBXFileReference; fileEncoding = 4; lastKnownFileType = sourcecode.c.h; name = TripItem.h; path = classes/TripItem.h; sourceTree = "<group>"; };
		685B6F6117A617C20003B5D9 /* TripItem.m */ = {isa = PBXFileReference; fileEncoding = 4; lastKnownFileType = sourcecode.c.objc; name = TripItem.m; path = classes/TripItem.m; sourceTree = "<group>"; };
		685EB83F178E4C29008B7D9B /* samplePic@2x.png */ = {isa = PBXFileReference; lastKnownFileType = image.png; path = "samplePic@2x.png"; sourceTree = "<group>"; };
		688F9E611786207F00CF850C /* Constants.h */ = {isa = PBXFileReference; fileEncoding = 4; lastKnownFileType = sourcecode.c.h; name = Constants.h; path = classes/Constants.h; sourceTree = "<group>"; };
		688F9E621786262800CF850C /* QuartzCore.framework */ = {isa = PBXFileReference; lastKnownFileType = wrapper.framework; name = QuartzCore.framework; path = System/Library/Frameworks/QuartzCore.framework; sourceTree = SDKROOT; };
		688F9E641786295100CF850C /* HealthCell.h */ = {isa = PBXFileReference; fileEncoding = 4; lastKnownFileType = sourcecode.c.h; name = HealthCell.h; path = classes/HealthCell.h; sourceTree = "<group>"; };
		688F9E651786295100CF850C /* HealthCell.m */ = {isa = PBXFileReference; fileEncoding = 4; lastKnownFileType = sourcecode.c.objc; name = HealthCell.m; path = classes/HealthCell.m; sourceTree = "<group>"; };
		68A2D719178BDBE800B3C330 /* searchBar@2x.png */ = {isa = PBXFileReference; lastKnownFileType = image.png; path = "searchBar@2x.png"; sourceTree = "<group>"; };
		68B071E717A4D3FC0061E418 /* SecurityViewController.h */ = {isa = PBXFileReference; fileEncoding = 4; lastKnownFileType = sourcecode.c.h; name = SecurityViewController.h; path = classes/SecurityViewController.h; sourceTree = "<group>"; };
		68B071E817A4D3FC0061E418 /* SecurityViewController.m */ = {isa = PBXFileReference; fileEncoding = 4; lastKnownFileType = sourcecode.c.objc; name = SecurityViewController.m; path = classes/SecurityViewController.m; sourceTree = "<group>"; };
		68B071EA17A4D7290061E418 /* EmbassyCell.h */ = {isa = PBXFileReference; fileEncoding = 4; lastKnownFileType = sourcecode.c.h; name = EmbassyCell.h; path = classes/EmbassyCell.h; sourceTree = "<group>"; };
		68B071EB17A4D7290061E418 /* EmbassyCell.m */ = {isa = PBXFileReference; fileEncoding = 4; lastKnownFileType = sourcecode.c.objc; name = EmbassyCell.m; path = classes/EmbassyCell.m; sourceTree = "<group>"; };
		68B071ED17A4D7430061E418 /* EmbassyItem.h */ = {isa = PBXFileReference; fileEncoding = 4; lastKnownFileType = sourcecode.c.h; name = EmbassyItem.h; path = classes/EmbassyItem.h; sourceTree = "<group>"; };
		68B071EE17A4D7430061E418 /* EmbassyItem.m */ = {isa = PBXFileReference; fileEncoding = 4; lastKnownFileType = sourcecode.c.objc; name = EmbassyItem.m; path = classes/EmbassyItem.m; sourceTree = "<group>"; };
		68B071F117A4DB890061E418 /* TripsViewController.h */ = {isa = PBXFileReference; fileEncoding = 4; lastKnownFileType = sourcecode.c.h; name = TripsViewController.h; path = classes/TripsViewController.h; sourceTree = "<group>"; };
		68B071F217A4DB890061E418 /* TripsViewController.m */ = {isa = PBXFileReference; fileEncoding = 4; lastKnownFileType = sourcecode.c.objc; name = TripsViewController.m; path = classes/TripsViewController.m; sourceTree = "<group>"; };
		68B997E317A2058A00AD62ED /* WebViewController.h */ = {isa = PBXFileReference; fileEncoding = 4; lastKnownFileType = sourcecode.c.h; name = WebViewController.h; path = classes/WebViewController.h; sourceTree = "<group>"; };
		68B997E417A2058A00AD62ED /* WebViewController.m */ = {isa = PBXFileReference; fileEncoding = 4; lastKnownFileType = sourcecode.c.objc; name = WebViewController.m; path = classes/WebViewController.m; sourceTree = "<group>"; };
		68BE3AC817A1DCA600A87E52 /* HealthContent.h */ = {isa = PBXFileReference; fileEncoding = 4; lastKnownFileType = sourcecode.c.h; name = HealthContent.h; path = classes/HealthContent.h; sourceTree = "<group>"; };
		68BE3AC917A1DCA600A87E52 /* HealthContent.m */ = {isa = PBXFileReference; fileEncoding = 4; lastKnownFileType = sourcecode.c.objc; name = HealthContent.m; path = classes/HealthContent.m; sourceTree = "<group>"; };
		68DBAE5E179F6CC300D1DE0B /* CurrencyCell.h */ = {isa = PBXFileReference; fileEncoding = 4; lastKnownFileType = sourcecode.c.h; name = CurrencyCell.h; path = classes/CurrencyCell.h; sourceTree = "<group>"; };
		68DBAE5F179F6CC300D1DE0B /* CurrencyCell.m */ = {isa = PBXFileReference; fileEncoding = 4; lastKnownFileType = sourcecode.c.objc; name = CurrencyCell.m; path = classes/CurrencyCell.m; sourceTree = "<group>"; };
		68E4240217926E1E00431908 /* IntreSearchBar.h */ = {isa = PBXFileReference; fileEncoding = 4; lastKnownFileType = sourcecode.c.h; name = IntreSearchBar.h; path = classes/IntreSearchBar.h; sourceTree = "<group>"; };
		68E4240317926E1E00431908 /* IntreSearchBar.m */ = {isa = PBXFileReference; fileEncoding = 4; lastKnownFileType = sourcecode.c.objc; name = IntreSearchBar.m; path = classes/IntreSearchBar.m; sourceTree = "<group>"; };
		68E42405179274BA00431908 /* mexicoBackBigger@2x.png */ = {isa = PBXFileReference; lastKnownFileType = image.png; path = "mexicoBackBigger@2x.png"; sourceTree = "<group>"; };
		68E42407179277C100431908 /* spyGlass@2x.png */ = {isa = PBXFileReference; lastKnownFileType = image.png; path = "spyGlass@2x.png"; sourceTree = "<group>"; };
		68E424091793190600431908 /* Common@2x.png */ = {isa = PBXFileReference; lastKnownFileType = image.png; path = "Common@2x.png"; sourceTree = "<group>"; };
		68E4240A1793190600431908 /* Uncommon@2x.png */ = {isa = PBXFileReference; lastKnownFileType = image.png; path = "Uncommon@2x.png"; sourceTree = "<group>"; };
		68EDE3A4178A071600085A84 /* menuBack@2x.png */ = {isa = PBXFileReference; lastKnownFileType = image.png; path = "menuBack@2x.png"; sourceTree = "<group>"; };
		7E1C92CA17A1F56B00878249 /* underline@2x.png */ = {isa = PBXFileReference; lastKnownFileType = image.png; path = "underline@2x.png"; sourceTree = "<group>"; };
		7E347777178F8B3A00FB86DC /* cancel-search@2x.png */ = {isa = PBXFileReference; lastKnownFileType = image.png; path = "cancel-search@2x.png"; sourceTree = "<group>"; };
		7E34777A1791E79300FB86DC /* LoginViewController.h */ = {isa = PBXFileReference; fileEncoding = 4; lastKnownFileType = sourcecode.c.h; name = LoginViewController.h; path = classes/LoginViewController.h; sourceTree = "<group>"; };
		7E34777B1791E79300FB86DC /* LoginViewController.m */ = {isa = PBXFileReference; fileEncoding = 4; lastKnownFileType = sourcecode.c.objc; name = LoginViewController.m; path = classes/LoginViewController.m; sourceTree = "<group>"; };
		7E34777D1791E7A700FB86DC /* SignUpViewController.h */ = {isa = PBXFileReference; fileEncoding = 4; lastKnownFileType = sourcecode.c.h; name = SignUpViewController.h; path = classes/SignUpViewController.h; sourceTree = "<group>"; };
		7E34777E1791E7A700FB86DC /* SignUpViewController.m */ = {isa = PBXFileReference; fileEncoding = 4; lastKnownFileType = sourcecode.c.objc; name = SignUpViewController.m; path = classes/SignUpViewController.m; sourceTree = "<group>"; };
		7E44F8D01788FA4B00AAA32B /* HealthItem.h */ = {isa = PBXFileReference; fileEncoding = 4; lastKnownFileType = sourcecode.c.h; name = HealthItem.h; path = classes/HealthItem.h; sourceTree = "<group>"; };
		7E44F8D11788FA4B00AAA32B /* HealthItem.m */ = {isa = PBXFileReference; fileEncoding = 4; lastKnownFileType = sourcecode.c.objc; name = HealthItem.m; path = classes/HealthItem.m; sourceTree = "<group>"; };
		7E5B30B71798813900692F80 /* login-background@2x.png */ = {isa = PBXFileReference; lastKnownFileType = image.png; path = "login-background@2x.png"; sourceTree = "<group>"; };
		7E5B30B91798814800692F80 /* signUp-background@2x.png */ = {isa = PBXFileReference; lastKnownFileType = image.png; path = "signUp-background@2x.png"; sourceTree = "<group>"; };
		7E5B30BB1798942500692F80 /* add-signup-photo@2x.png */ = {isa = PBXFileReference; lastKnownFileType = image.png; path = "add-signup-photo@2x.png"; sourceTree = "<group>"; };
		7E82E9B81794EFB500027268 /* proximanova-regular.ttf */ = {isa = PBXFileReference; lastKnownFileType = file; path = "proximanova-regular.ttf"; sourceTree = "<group>"; };
		7E82E9BA1794F0B900027268 /* proximanova-bold.ttf */ = {isa = PBXFileReference; lastKnownFileType = file; path = "proximanova-bold.ttf"; sourceTree = "<group>"; };
		7ECD0425178BD7C500D6C34B /* HealthViewDetailController.h */ = {isa = PBXFileReference; fileEncoding = 4; lastKnownFileType = sourcecode.c.h; name = HealthViewDetailController.h; path = classes/HealthViewDetailController.h; sourceTree = "<group>"; };
		7ECD0426178BD7C500D6C34B /* HealthViewDetailController.m */ = {isa = PBXFileReference; fileEncoding = 4; lastKnownFileType = sourcecode.c.objc; name = HealthViewDetailController.m; path = classes/HealthViewDetailController.m; sourceTree = "<group>"; };
		7ECD0428178C815100D6C34B /* descriptionAndSideEffectLogo@2x.png */ = {isa = PBXFileReference; lastKnownFileType = image.png; path = "descriptionAndSideEffectLogo@2x.png"; sourceTree = "<group>"; };
		7ECD042A178DAF2000D6C34B /* back-button@2x.png */ = {isa = PBXFileReference; lastKnownFileType = image.png; path = "back-button@2x.png"; sourceTree = "<group>"; };
		7ECD042C178DC07600D6C34B /* top-nav-bar@2x.png */ = {isa = PBXFileReference; lastKnownFileType = image.png; path = "top-nav-bar@2x.png"; sourceTree = "<group>"; };
		7ECD0436178DE24F00D6C34B /* medication-pic@2x.png */ = {isa = PBXFileReference; lastKnownFileType = image.png; path = "medication-pic@2x.png"; sourceTree = "<group>"; };
		7ECD0437178DE24F00D6C34B /* stethoscope-pic@2x.png */ = {isa = PBXFileReference; lastKnownFileType = image.png; path = "stethoscope-pic@2x.png"; sourceTree = "<group>"; };
		7ECD0438178DE24F00D6C34B /* heart-rate-pic@2x.png */ = {isa = PBXFileReference; lastKnownFileType = image.png; path = "heart-rate-pic@2x.png"; sourceTree = "<group>"; };
		7ECD0439178DE24F00D6C34B /* conditions-pic@2x.png */ = {isa = PBXFileReference; lastKnownFileType = image.png; path = "conditions-pic@2x.png"; sourceTree = "<group>"; };
		7ED645C01795A2E9000475A1 /* proximanova-semibold.ttf */ = {isa = PBXFileReference; lastKnownFileType = file; path = "proximanova-semibold.ttf"; sourceTree = "<group>"; };
		7ED645C41795AB80000475A1 /* proximanova-light.ttf */ = {isa = PBXFileReference; lastKnownFileType = file; path = "proximanova-light.ttf"; sourceTree = "<group>"; };
		7EE44DAA179F6F75006BA2EC /* rounded-rectangle-@2x.png */ = {isa = PBXFileReference; lastKnownFileType = image.png; path = "rounded-rectangle-@2x.png"; sourceTree = "<group>"; };
		7EE44DAD179F79BA006BA2EC /* overview-culture@2x.png */ = {isa = PBXFileReference; lastKnownFileType = image.png; path = "overview-culture@2x.png"; sourceTree = "<group>"; };
		7EE44DAE179F79BA006BA2EC /* overview-currency@2x.png */ = {isa = PBXFileReference; lastKnownFileType = image.png; path = "overview-currency@2x.png"; sourceTree = "<group>"; };
		7EE44DAF179F79BA006BA2EC /* overview-history@2x.png */ = {isa = PBXFileReference; lastKnownFileType = image.png; path = "overview-history@2x.png"; sourceTree = "<group>"; };
		7EE44DB3179F7B24006BA2EC /* culture-icon@2x.png */ = {isa = PBXFileReference; lastKnownFileType = image.png; path = "culture-icon@2x.png"; sourceTree = "<group>"; };
		7EE44DB4179F7B24006BA2EC /* currency-label@2x.png */ = {isa = PBXFileReference; lastKnownFileType = image.png; path = "currency-label@2x.png"; sourceTree = "<group>"; };
		7EE44DB7179F7E30006BA2EC /* CurrencyItem.h */ = {isa = PBXFileReference; fileEncoding = 4; lastKnownFileType = sourcecode.c.h; name = CurrencyItem.h; path = classes/CurrencyItem.h; sourceTree = "<group>"; };
		7EE44DB8179F7E30006BA2EC /* CurrencyItem.m */ = {isa = PBXFileReference; fileEncoding = 4; lastKnownFileType = sourcecode.c.objc; name = CurrencyItem.m; path = classes/CurrencyItem.m; sourceTree = "<group>"; };
		7EE44DBA179F7FF5006BA2EC /* american-flag@2x.png */ = {isa = PBXFileReference; lastKnownFileType = image.png; path = "american-flag@2x.png"; sourceTree = "<group>"; };
		7EE44DBB179F7FF5006BA2EC /* brasil-flag@2x.png */ = {isa = PBXFileReference; lastKnownFileType = image.png; path = "brasil-flag@2x.png"; sourceTree = "<group>"; };
		7EE44DBC179F7FF5006BA2EC /* canadian-flag@2x.png */ = {isa = PBXFileReference; lastKnownFileType = image.png; path = "canadian-flag@2x.png"; sourceTree = "<group>"; };
		7EE44DBD179F7FF5006BA2EC /* great-britain-flag@2x.png */ = {isa = PBXFileReference; lastKnownFileType = image.png; path = "great-britain-flag@2x.png"; sourceTree = "<group>"; };
		E04C4DB417A30FE1002A23F4 /* libTestFlight.a */ = {isa = PBXFileReference; lastKnownFileType = archive.ar; path = libTestFlight.a; sourceTree = "<group>"; };
		E04C4DB517A30FE1002A23F4 /* README.md */ = {isa = PBXFileReference; fileEncoding = 4; lastKnownFileType = text; path = README.md; sourceTree = "<group>"; };
		E04C4DB617A30FE2002A23F4 /* release_notes.md */ = {isa = PBXFileReference; fileEncoding = 4; lastKnownFileType = text; path = release_notes.md; sourceTree = "<group>"; };
		E04C4DB717A30FE2002A23F4 /* TestFlight.h */ = {isa = PBXFileReference; fileEncoding = 4; lastKnownFileType = sourcecode.c.h; path = TestFlight.h; sourceTree = "<group>"; };
		E04C4DBB17A3103E002A23F4 /* libz.dylib */ = {isa = PBXFileReference; lastKnownFileType = "compiled.mach-o.dylib"; name = libz.dylib; path = usr/lib/libz.dylib; sourceTree = SDKROOT; };
		E0B5825017A31D2C00093130 /* intrepid icon.png */ = {isa = PBXFileReference; lastKnownFileType = image.png; path = "intrepid icon.png"; sourceTree = "<group>"; };
		E0B5825217A31D8100093130 /* app icon nonretina.png */ = {isa = PBXFileReference; lastKnownFileType = image.png; path = "app icon nonretina.png"; sourceTree = "<group>"; };
/* End PBXFileReference section */

/* Begin PBXFrameworksBuildPhase section */
		6851220C17861138008DB6B6 /* Frameworks */ = {
			isa = PBXFrameworksBuildPhase;
			buildActionMask = 2147483647;
			files = (
				E04C4DBC17A3103E002A23F4 /* libz.dylib in Frameworks */,
				688F9E631786262800CF850C /* QuartzCore.framework in Frameworks */,
				6851221317861138008DB6B6 /* UIKit.framework in Frameworks */,
				6851221517861138008DB6B6 /* Foundation.framework in Frameworks */,
				6851221717861138008DB6B6 /* CoreGraphics.framework in Frameworks */,
				6851221917861138008DB6B6 /* CoreData.framework in Frameworks */,
				E04C4DB817A30FE2002A23F4 /* libTestFlight.a in Frameworks */,
			);
			runOnlyForDeploymentPostprocessing = 0;
		};
/* End PBXFrameworksBuildPhase section */

/* Begin PBXGroup section */
		684BB602179F5117004C44C9 /* Overview */ = {
			isa = PBXGroup;
			children = (
				684BB603179F5143004C44C9 /* OverViewViewController.h */,
				684BB604179F5143004C44C9 /* OverViewViewController.m */,
				68DBAE5E179F6CC300D1DE0B /* CurrencyCell.h */,
				68DBAE5F179F6CC300D1DE0B /* CurrencyCell.m */,
				7EE44DB7179F7E30006BA2EC /* CurrencyItem.h */,
				7EE44DB8179F7E30006BA2EC /* CurrencyItem.m */,
			);
			name = Overview;
			sourceTree = "<group>";
		};
		684BB606179F534A004C44C9 /* Support Classes */ = {
			isa = PBXGroup;
			children = (
				6835EC141789439600A57F86 /* MenuController.h */,
				6835EC151789439600A57F86 /* MenuController.m */,
				68E4240217926E1E00431908 /* IntreSearchBar.h */,
				68E4240317926E1E00431908 /* IntreSearchBar.m */,
				6855835F179CB4C90043D473 /* SliderTabViewController.h */,
				68558360179CB4C90043D473 /* SliderTabViewController.m */,
				684BB607179F539C004C44C9 /* SlidingTextView.h */,
				684BB608179F539C004C44C9 /* SlidingTextView.m */,
				68B997E317A2058A00AD62ED /* WebViewController.h */,
				68B997E417A2058A00AD62ED /* WebViewController.m */,
			);
			name = "Support Classes";
			sourceTree = "<group>";
		};
		684E364B178F85C1004E27B9 /* health */ = {
			isa = PBXGroup;
			children = (
				68E424091793190600431908 /* Common@2x.png */,
				68E4240A1793190600431908 /* Uncommon@2x.png */,
				7ECD0436178DE24F00D6C34B /* medication-pic@2x.png */,
				7ECD0437178DE24F00D6C34B /* stethoscope-pic@2x.png */,
				7ECD0438178DE24F00D6C34B /* heart-rate-pic@2x.png */,
				7ECD0439178DE24F00D6C34B /* conditions-pic@2x.png */,
			);
			name = health;
			sourceTree = "<group>";
		};
		6851220617861138008DB6B6 = {
			isa = PBXGroup;
			children = (
				E0B5825217A31D8100093130 /* app icon nonretina.png */,
				E0B5825017A31D2C00093130 /* intrepid icon.png */,
				E04C4DBB17A3103E002A23F4 /* libz.dylib */,
				E04C4DB317A30FE1002A23F4 /* TestFlightSDK1.2.6 */,
				688F9E621786262800CF850C /* QuartzCore.framework */,
				6851221A17861138008DB6B6 /* intrepidApp */,
				6851221117861138008DB6B6 /* Frameworks */,
				6851221017861138008DB6B6 /* Products */,
			);
			sourceTree = "<group>";
		};
		6851221017861138008DB6B6 /* Products */ = {
			isa = PBXGroup;
			children = (
				6851220F17861138008DB6B6 /* intrepidApp.app */,
			);
			name = Products;
			sourceTree = "<group>";
		};
		6851221117861138008DB6B6 /* Frameworks */ = {
			isa = PBXGroup;
			children = (
				6851221217861138008DB6B6 /* UIKit.framework */,
				6851221417861138008DB6B6 /* Foundation.framework */,
				6851221617861138008DB6B6 /* CoreGraphics.framework */,
				6851221817861138008DB6B6 /* CoreData.framework */,
			);
			name = Frameworks;
			sourceTree = "<group>";
		};
		6851221A17861138008DB6B6 /* intrepidApp */ = {
			isa = PBXGroup;
			children = (
				688F9E611786207F00CF850C /* Constants.h */,
				6851222317861138008DB6B6 /* AppDelegate.h */,
				6851222417861138008DB6B6 /* AppDelegate.m */,
				684BB606179F534A004C44C9 /* Support Classes */,
				68B071F017A4DB640061E418 /* Trips */,
				68B071E617A4D3D30061E418 /* Security */,
				684BB602179F5117004C44C9 /* Overview */,
				7E3477791791E76700FB86DC /* Login/Signup */,
				688F9E5B178611C000CF850C /* Health */,
				6851222C17861138008DB6B6 /* MainStoryboard.storyboard */,
				6851222F17861138008DB6B6 /* intrepidApp.xcdatamodeld */,
				6851221B17861138008DB6B6 /* Supporting Files */,
			);
			path = intrepidApp;
			sourceTree = "<group>";
		};
		6851221B17861138008DB6B6 /* Supporting Files */ = {
			isa = PBXGroup;
			children = (
				7E82E9B61794EE5D00027268 /* fonts */,
				688F9E6717862DFD00CF850C /* images */,
				6851221C17861138008DB6B6 /* intrepidApp-Info.plist */,
				6851221D17861138008DB6B6 /* InfoPlist.strings */,
				6851222017861138008DB6B6 /* main.m */,
				6851222217861138008DB6B6 /* intrepidApp-Prefix.pch */,
				6851222617861138008DB6B6 /* Default.png */,
				6851222817861138008DB6B6 /* Default@2x.png */,
				6851222A17861138008DB6B6 /* Default-568h@2x.png */,
			);
			name = "Supporting Files";
			sourceTree = "<group>";
		};
		688F9E5B178611C000CF850C /* Health */ = {
			isa = PBXGroup;
			children = (
				6851223D17861152008DB6B6 /* HealthViewController.h */,
				6851223E17861152008DB6B6 /* HealthViewController.m */,
				68BE3AC817A1DCA600A87E52 /* HealthContent.h */,
				68BE3AC917A1DCA600A87E52 /* HealthContent.m */,
				7ECD0425178BD7C500D6C34B /* HealthViewDetailController.h */,
				7ECD0426178BD7C500D6C34B /* HealthViewDetailController.m */,
				688F9E641786295100CF850C /* HealthCell.h */,
				688F9E651786295100CF850C /* HealthCell.m */,
				7E44F8D01788FA4B00AAA32B /* HealthItem.h */,
				7E44F8D11788FA4B00AAA32B /* HealthItem.m */,
			);
			name = Health;
			sourceTree = "<group>";
		};
		688F9E6717862DFD00CF850C /* images */ = {
			isa = PBXGroup;
			children = (
				685B6F5B17A601DC0003B5D9 /* newMenuBack@2x.png */,
				7EE44DAC179F79A5006BA2EC /* overview */,
				7E5B30BF1798942E00692F80 /* login and signup */,
				7E347777178F8B3A00FB86DC /* cancel-search@2x.png */,
				68E42407179277C100431908 /* spyGlass@2x.png */,
				684E364B178F85C1004E27B9 /* health */,
				6855EAAF178E4D5E000C4C57 /* mexicoBack@2x.png */,
				68E42405179274BA00431908 /* mexicoBackBigger@2x.png */,
				685EB83F178E4C29008B7D9B /* samplePic@2x.png */,
				7ECD042C178DC07600D6C34B /* top-nav-bar@2x.png */,
				7ECD0428178C815100D6C34B /* descriptionAndSideEffectLogo@2x.png */,
				7ECD042A178DAF2000D6C34B /* back-button@2x.png */,
				68A2D719178BDBE800B3C330 /* searchBar@2x.png */,
				68EDE3A4178A071600085A84 /* menuBack@2x.png */,
				684E3649178F849F004E27B9 /* menuBack2@2x.png */,
			);
			name = images;
			sourceTree = "<group>";
		};
		68B071E617A4D3D30061E418 /* Security */ = {
			isa = PBXGroup;
			children = (
				68B071E717A4D3FC0061E418 /* SecurityViewController.h */,
				68B071E817A4D3FC0061E418 /* SecurityViewController.m */,
				68B071EA17A4D7290061E418 /* EmbassyCell.h */,
				68B071EB17A4D7290061E418 /* EmbassyCell.m */,
				68B071ED17A4D7430061E418 /* EmbassyItem.h */,
				68B071EE17A4D7430061E418 /* EmbassyItem.m */,
			);
			name = Security;
			sourceTree = "<group>";
		};
		68B071F017A4DB640061E418 /* Trips */ = {
			isa = PBXGroup;
			children = (
				68B071F117A4DB890061E418 /* TripsViewController.h */,
				68B071F217A4DB890061E418 /* TripsViewController.m */,
				685B6F5D17A60B430003B5D9 /* TripCell.h */,
				685B6F5E17A60B430003B5D9 /* TripCell.m */,
				685B6F6017A617C20003B5D9 /* TripItem.h */,
				685B6F6117A617C20003B5D9 /* TripItem.m */,
			);
			name = Trips;
			sourceTree = "<group>";
		};
		7E3477791791E76700FB86DC /* Login/Signup */ = {
			isa = PBXGroup;
			children = (
				7E34777A1791E79300FB86DC /* LoginViewController.h */,
				7E34777B1791E79300FB86DC /* LoginViewController.m */,
				7E34777D1791E7A700FB86DC /* SignUpViewController.h */,
				7E34777E1791E7A700FB86DC /* SignUpViewController.m */,
			);
			name = Login/Signup;
			sourceTree = "<group>";
		};
		7E5B30BF1798942E00692F80 /* login and signup */ = {
			isa = PBXGroup;
			children = (
				7E1C92CA17A1F56B00878249 /* underline@2x.png */,
				7EE44DAA179F6F75006BA2EC /* rounded-rectangle-@2x.png */,
				7E5B30BB1798942500692F80 /* add-signup-photo@2x.png */,
				7E5B30B91798814800692F80 /* signUp-background@2x.png */,
				7E5B30B71798813900692F80 /* login-background@2x.png */,
			);
			name = "login and signup";
			sourceTree = "<group>";
		};
		7E82E9B61794EE5D00027268 /* fonts */ = {
			isa = PBXGroup;
			children = (
				7ED645C41795AB80000475A1 /* proximanova-light.ttf */,
				7ED645C01795A2E9000475A1 /* proximanova-semibold.ttf */,
				7E82E9BA1794F0B900027268 /* proximanova-bold.ttf */,
				7E82E9B81794EFB500027268 /* proximanova-regular.ttf */,
			);
			name = fonts;
			sourceTree = "<group>";
		};
		7EE44DAC179F79A5006BA2EC /* overview */ = {
			isa = PBXGroup;
			children = (
				7EE44DBA179F7FF5006BA2EC /* american-flag@2x.png */,
				7EE44DBB179F7FF5006BA2EC /* brasil-flag@2x.png */,
				7EE44DBC179F7FF5006BA2EC /* canadian-flag@2x.png */,
				7EE44DBD179F7FF5006BA2EC /* great-britain-flag@2x.png */,
				7EE44DB3179F7B24006BA2EC /* culture-icon@2x.png */,
				7EE44DB4179F7B24006BA2EC /* currency-label@2x.png */,
				7EE44DAD179F79BA006BA2EC /* overview-culture@2x.png */,
				7EE44DAE179F79BA006BA2EC /* overview-currency@2x.png */,
				7EE44DAF179F79BA006BA2EC /* overview-history@2x.png */,
			);
			name = overview;
			sourceTree = "<group>";
		};
		E04C4DB317A30FE1002A23F4 /* TestFlightSDK1.2.6 */ = {
			isa = PBXGroup;
			children = (
				E04C4DB417A30FE1002A23F4 /* libTestFlight.a */,
				E04C4DB517A30FE1002A23F4 /* README.md */,
				E04C4DB617A30FE2002A23F4 /* release_notes.md */,
				E04C4DB717A30FE2002A23F4 /* TestFlight.h */,
			);
			path = TestFlightSDK1.2.6;
			sourceTree = "<group>";
		};
/* End PBXGroup section */

/* Begin PBXNativeTarget section */
		6851220E17861138008DB6B6 /* intrepidApp */ = {
			isa = PBXNativeTarget;
			buildConfigurationList = 6851223A17861138008DB6B6 /* Build configuration list for PBXNativeTarget "intrepidApp" */;
			buildPhases = (
				6851220B17861138008DB6B6 /* Sources */,
				6851220C17861138008DB6B6 /* Frameworks */,
				6851220D17861138008DB6B6 /* Resources */,
			);
			buildRules = (
			);
			dependencies = (
			);
			name = intrepidApp;
			productName = intrepidApp;
			productReference = 6851220F17861138008DB6B6 /* intrepidApp.app */;
			productType = "com.apple.product-type.application";
		};
/* End PBXNativeTarget section */

/* Begin PBXProject section */
		6851220717861138008DB6B6 /* Project object */ = {
			isa = PBXProject;
			attributes = {
				LastUpgradeCheck = 0460;
				ORGANIZATIONNAME = "JonCarrHarris Consulting";
			};
			buildConfigurationList = 6851220A17861138008DB6B6 /* Build configuration list for PBXProject "intrepidApp" */;
			compatibilityVersion = "Xcode 3.2";
			developmentRegion = English;
			hasScannedForEncodings = 0;
			knownRegions = (
				en,
			);
			mainGroup = 6851220617861138008DB6B6;
			productRefGroup = 6851221017861138008DB6B6 /* Products */;
			projectDirPath = "";
			projectRoot = "";
			targets = (
				6851220E17861138008DB6B6 /* intrepidApp */,
			);
		};
/* End PBXProject section */

/* Begin PBXResourcesBuildPhase section */
		6851220D17861138008DB6B6 /* Resources */ = {
			isa = PBXResourcesBuildPhase;
			buildActionMask = 2147483647;
			files = (
				6851221F17861138008DB6B6 /* InfoPlist.strings in Resources */,
				6851222717861138008DB6B6 /* Default.png in Resources */,
				6851222917861138008DB6B6 /* Default@2x.png in Resources */,
				6851222B17861138008DB6B6 /* Default-568h@2x.png in Resources */,
				6851222E17861138008DB6B6 /* MainStoryboard.storyboard in Resources */,
				68EDE3A5178A071600085A84 /* menuBack@2x.png in Resources */,
				7ECD0429178C815100D6C34B /* descriptionAndSideEffectLogo@2x.png in Resources */,
				68A2D71A178BDBE800B3C330 /* searchBar@2x.png in Resources */,
				685EB840178E4C29008B7D9B /* samplePic@2x.png in Resources */,
				6855EAB0178E4D5E000C4C57 /* mexicoBack@2x.png in Resources */,
				7ECD042B178DAF2000D6C34B /* back-button@2x.png in Resources */,
				7ECD042D178DC07600D6C34B /* top-nav-bar@2x.png in Resources */,
				7ECD043A178DE24F00D6C34B /* medication-pic@2x.png in Resources */,
				7ECD043B178DE24F00D6C34B /* stethoscope-pic@2x.png in Resources */,
				7ECD043C178DE24F00D6C34B /* heart-rate-pic@2x.png in Resources */,
				7ECD043D178DE24F00D6C34B /* conditions-pic@2x.png in Resources */,
				7E347778178F8B3A00FB86DC /* cancel-search@2x.png in Resources */,
				684E364A178F849F004E27B9 /* menuBack2@2x.png in Resources */,
				68E42406179274BA00431908 /* mexicoBackBigger@2x.png in Resources */,
				68E42408179277C100431908 /* spyGlass@2x.png in Resources */,
				68E4240B1793190600431908 /* Common@2x.png in Resources */,
				68E4240C1793190600431908 /* Uncommon@2x.png in Resources */,
				7E82E9B91794F01000027268 /* proximanova-regular.ttf in Resources */,
				7E82E9BB1794F0D400027268 /* proximanova-bold.ttf in Resources */,
				7ED645C11795A2FB000475A1 /* proximanova-semibold.ttf in Resources */,
				7ED645C51795AB83000475A1 /* proximanova-light.ttf in Resources */,
				7E5B30B81798813900692F80 /* login-background@2x.png in Resources */,
				7E5B30BA1798814800692F80 /* signUp-background@2x.png in Resources */,
				7E5B30BD1798942500692F80 /* add-signup-photo@2x.png in Resources */,
				7EE44DAB179F6F75006BA2EC /* rounded-rectangle-@2x.png in Resources */,
				7EE44DB0179F79BA006BA2EC /* overview-culture@2x.png in Resources */,
				7EE44DB1179F79BA006BA2EC /* overview-currency@2x.png in Resources */,
				7EE44DB2179F79BA006BA2EC /* overview-history@2x.png in Resources */,
				7EE44DB5179F7B24006BA2EC /* culture-icon@2x.png in Resources */,
				7EE44DB6179F7B24006BA2EC /* currency-label@2x.png in Resources */,
				7EE44DBE179F7FF5006BA2EC /* american-flag@2x.png in Resources */,
				7EE44DBF179F7FF5006BA2EC /* brasil-flag@2x.png in Resources */,
				7EE44DC0179F7FF5006BA2EC /* canadian-flag@2x.png in Resources */,
				7EE44DC1179F7FF5006BA2EC /* great-britain-flag@2x.png in Resources */,
				7E1C92CB17A1F56B00878249 /* underline@2x.png in Resources */,
				E04C4DB917A30FE2002A23F4 /* README.md in Resources */,
				E04C4DBA17A30FE2002A23F4 /* release_notes.md in Resources */,
				E0B5825117A31D2C00093130 /* intrepid icon.png in Resources */,
				E0B5825317A31D8100093130 /* app icon nonretina.png in Resources */,
				685B6F5C17A601DC0003B5D9 /* newMenuBack@2x.png in Resources */,
			);
			runOnlyForDeploymentPostprocessing = 0;
		};
/* End PBXResourcesBuildPhase section */

/* Begin PBXSourcesBuildPhase section */
		6851220B17861138008DB6B6 /* Sources */ = {
			isa = PBXSourcesBuildPhase;
			buildActionMask = 2147483647;
			files = (
				6851222117861138008DB6B6 /* main.m in Sources */,
				6851222517861138008DB6B6 /* AppDelegate.m in Sources */,
				6851223117861138008DB6B6 /* intrepidApp.xcdatamodeld in Sources */,
				6851223F17861152008DB6B6 /* HealthViewController.m in Sources */,
				688F9E661786295100CF850C /* HealthCell.m in Sources */,
				7E44F8D21788FA4B00AAA32B /* HealthItem.m in Sources */,
				6835EC161789439600A57F86 /* MenuController.m in Sources */,
				7ECD0427178BD7C500D6C34B /* HealthViewDetailController.m in Sources */,
				7E34777C1791E79300FB86DC /* LoginViewController.m in Sources */,
				7E34777F1791E7A700FB86DC /* SignUpViewController.m in Sources */,
				68E4240417926E1E00431908 /* IntreSearchBar.m in Sources */,
				68558361179CB4C90043D473 /* SliderTabViewController.m in Sources */,
				684BB605179F5143004C44C9 /* OverViewViewController.m in Sources */,
				684BB609179F539C004C44C9 /* SlidingTextView.m in Sources */,
				68DBAE60179F6CC300D1DE0B /* CurrencyCell.m in Sources */,
				7EE44DB9179F7E30006BA2EC /* CurrencyItem.m in Sources */,
				68BE3ACA17A1DCA600A87E52 /* HealthContent.m in Sources */,
				68B997E517A2058A00AD62ED /* WebViewController.m in Sources */,
				68B071E917A4D3FC0061E418 /* SecurityViewController.m in Sources */,
				68B071EC17A4D7290061E418 /* EmbassyCell.m in Sources */,
				68B071EF17A4D7430061E418 /* EmbassyItem.m in Sources */,
				68B071F317A4DB890061E418 /* TripsViewController.m in Sources */,
				685B6F5F17A60B430003B5D9 /* TripCell.m in Sources */,
				685B6F6217A617C20003B5D9 /* TripItem.m in Sources */,
			);
			runOnlyForDeploymentPostprocessing = 0;
		};
/* End PBXSourcesBuildPhase section */

/* Begin PBXVariantGroup section */
		6851221D17861138008DB6B6 /* InfoPlist.strings */ = {
			isa = PBXVariantGroup;
			children = (
				6851221E17861138008DB6B6 /* en */,
			);
			name = InfoPlist.strings;
			sourceTree = "<group>";
		};
		6851222C17861138008DB6B6 /* MainStoryboard.storyboard */ = {
			isa = PBXVariantGroup;
			children = (
				6851222D17861138008DB6B6 /* en */,
			);
			name = MainStoryboard.storyboard;
			sourceTree = "<group>";
		};
/* End PBXVariantGroup section */

/* Begin XCBuildConfiguration section */
		6851223817861138008DB6B6 /* Debug */ = {
			isa = XCBuildConfiguration;
			buildSettings = {
				ALWAYS_SEARCH_USER_PATHS = NO;
				CLANG_CXX_LANGUAGE_STANDARD = "gnu++0x";
				CLANG_CXX_LIBRARY = "libc++";
				CLANG_ENABLE_OBJC_ARC = YES;
				CLANG_WARN_CONSTANT_CONVERSION = YES;
				CLANG_WARN_EMPTY_BODY = YES;
				CLANG_WARN_ENUM_CONVERSION = YES;
				CLANG_WARN_INT_CONVERSION = YES;
				CLANG_WARN__DUPLICATE_METHOD_MATCH = YES;
				CODE_SIGN_IDENTITY = "iPhone Distribution: Venio Inc (8UJNYP5S3J)";
				"CODE_SIGN_IDENTITY[sdk=iphoneos*]" = "iPhone Distribution: Venio Inc (8UJNYP5S3J)";
				COPY_PHASE_STRIP = NO;
				GCC_C_LANGUAGE_STANDARD = gnu99;
				GCC_DYNAMIC_NO_PIC = NO;
				GCC_OPTIMIZATION_LEVEL = 0;
				GCC_PREPROCESSOR_DEFINITIONS = (
					"DEBUG=1",
					"$(inherited)",
				);
				GCC_SYMBOLS_PRIVATE_EXTERN = NO;
				GCC_WARN_ABOUT_RETURN_TYPE = YES;
				GCC_WARN_UNINITIALIZED_AUTOS = YES;
				GCC_WARN_UNUSED_VARIABLE = YES;
				IPHONEOS_DEPLOYMENT_TARGET = 6.1;
				ONLY_ACTIVE_ARCH = YES;
				PROVISIONING_PROFILE = "629F9663-BBA7-400C-85D5-AB8F8DF11E03";
				"PROVISIONING_PROFILE[sdk=iphoneos*]" = "629F9663-BBA7-400C-85D5-AB8F8DF11E03";
				SDKROOT = iphoneos;
			};
			name = Debug;
		};
		6851223917861138008DB6B6 /* Release */ = {
			isa = XCBuildConfiguration;
			buildSettings = {
				ALWAYS_SEARCH_USER_PATHS = NO;
				CLANG_CXX_LANGUAGE_STANDARD = "gnu++0x";
				CLANG_CXX_LIBRARY = "libc++";
				CLANG_ENABLE_OBJC_ARC = YES;
				CLANG_WARN_CONSTANT_CONVERSION = YES;
				CLANG_WARN_EMPTY_BODY = YES;
				CLANG_WARN_ENUM_CONVERSION = YES;
				CLANG_WARN_INT_CONVERSION = YES;
				CLANG_WARN__DUPLICATE_METHOD_MATCH = YES;
				CODE_SIGN_IDENTITY = "iPhone Distribution: Venio Inc (8UJNYP5S3J)";
				"CODE_SIGN_IDENTITY[sdk=iphoneos*]" = "iPhone Distribution: Venio Inc (8UJNYP5S3J)";
				COPY_PHASE_STRIP = NO;
				GCC_C_LANGUAGE_STANDARD = gnu99;
				GCC_WARN_ABOUT_RETURN_TYPE = YES;
				GCC_WARN_UNINITIALIZED_AUTOS = YES;
				GCC_WARN_UNUSED_VARIABLE = YES;
				IPHONEOS_DEPLOYMENT_TARGET = 6.1;
				OTHER_CFLAGS = "-DNS_BLOCK_ASSERTIONS=1";
				PROVISIONING_PROFILE = "629F9663-BBA7-400C-85D5-AB8F8DF11E03";
				"PROVISIONING_PROFILE[sdk=iphoneos*]" = "629F9663-BBA7-400C-85D5-AB8F8DF11E03";
				SDKROOT = iphoneos;
				VALIDATE_PRODUCT = YES;
			};
			name = Release;
		};
		6851223B17861138008DB6B6 /* Debug */ = {
			isa = XCBuildConfiguration;
			buildSettings = {
				GCC_PRECOMPILE_PREFIX_HEADER = YES;
				GCC_PREFIX_HEADER = "intrepidApp/intrepidApp-Prefix.pch";
				INFOPLIST_FILE = "intrepidApp/intrepidApp-Info.plist";
				LIBRARY_SEARCH_PATHS = (
					"$(inherited)",
					"\"$(SRCROOT)/TestFlightSDK1.2.6\"",
				);
				PRODUCT_NAME = "$(TARGET_NAME)";
				WRAPPER_EXTENSION = app;
			};
			name = Debug;
		};
		6851223C17861138008DB6B6 /* Release */ = {
			isa = XCBuildConfiguration;
			buildSettings = {
				GCC_PRECOMPILE_PREFIX_HEADER = YES;
				GCC_PREFIX_HEADER = "intrepidApp/intrepidApp-Prefix.pch";
				INFOPLIST_FILE = "intrepidApp/intrepidApp-Info.plist";
				LIBRARY_SEARCH_PATHS = (
					"$(inherited)",
					"\"$(SRCROOT)/TestFlightSDK1.2.6\"",
				);
				PRODUCT_NAME = "$(TARGET_NAME)";
				WRAPPER_EXTENSION = app;
			};
			name = Release;
		};
/* End XCBuildConfiguration section */

/* Begin XCConfigurationList section */
		6851220A17861138008DB6B6 /* Build configuration list for PBXProject "intrepidApp" */ = {
			isa = XCConfigurationList;
			buildConfigurations = (
				6851223817861138008DB6B6 /* Debug */,
				6851223917861138008DB6B6 /* Release */,
			);
			defaultConfigurationIsVisible = 0;
			defaultConfigurationName = Release;
		};
		6851223A17861138008DB6B6 /* Build configuration list for PBXNativeTarget "intrepidApp" */ = {
			isa = XCConfigurationList;
			buildConfigurations = (
				6851223B17861138008DB6B6 /* Debug */,
				6851223C17861138008DB6B6 /* Release */,
			);
			defaultConfigurationIsVisible = 0;
			defaultConfigurationName = Release;
		};
/* End XCConfigurationList section */

/* Begin XCVersionGroup section */
		6851222F17861138008DB6B6 /* intrepidApp.xcdatamodeld */ = {
			isa = XCVersionGroup;
			children = (
				6851223017861138008DB6B6 /* intrepidApp.xcdatamodel */,
			);
			currentVersion = 6851223017861138008DB6B6 /* intrepidApp.xcdatamodel */;
			path = intrepidApp.xcdatamodeld;
			sourceTree = "<group>";
			versionGroupType = wrapper.xcdatamodel;
		};
/* End XCVersionGroup section */
	};
	rootObject = 6851220717861138008DB6B6 /* Project object */;
}
